PODS:
  - Capacitor (7.0.0-rc.0):
    - CapacitorCordova
  - CapacitorCamera (7.0.0-alpha.2):
    - Capacitor
  - CapacitorCordova (7.0.0-rc.0)
  - CapacitorGeolocation (7.0.0-alpha.2):
    - Capacitor
  - CapacitorSplashScreen (7.0.0-alpha.2):
    - Capacitor

DEPENDENCIES:
  - "Capacitor (from `../../node_modules/@capacitor/ios`)"
  - "CapacitorCamera (from `../../node_modules/@capacitor/camera`)"
  - "CapacitorCordova (from `../../node_modules/@capacitor/ios`)"
  - CapacitorGeolocation (from `../../../capacitor-plugin`)
  - "CapacitorSplashScreen (from `../../node_modules/@capacitor/splash-screen`)"

EXTERNAL SOURCES:
  Capacitor:
    :path: "../../node_modules/@capacitor/ios"
  CapacitorCamera:
    :path: "../../node_modules/@capacitor/camera"
  CapacitorCordova:
    :path: "../../node_modules/@capacitor/ios"
  CapacitorGeolocation:
    :path: "../../../capacitor-plugin"
  CapacitorSplashScreen:
    :path: "../../node_modules/@capacitor/splash-screen"

SPEC CHECKSUMS:
  Capacitor: e79eb426d47f13ee0e2fdaff9ef0e9990db34a48
  CapacitorCamera: ad97105da555e693f9885aaab084d205f8d82366
  CapacitorCordova: 8f4f6826f0b40f7b506eb13b832039b7140a88b4
  CapacitorGeolocation: 7db597d2d452b08483db93049e0785832245578f
  CapacitorSplashScreen: f612f95daee8566768daf86646b97d4dcac01240

PODFILE CHECKSUM: 1f7193da1d33894fafd903ac2d93ba6415989a2b

COCOAPODS: 1.16.2
